
Microsoft Visual Studio Solution File, Format Version 12.00
# Visual Studio 2013
VisualStudioVersion = 12.0.30110.0
MinimumVisualStudioVersion = 10.0.40219.1
Project("{FAE04EC0-301F-11D3-BF4B-00C04F79EFBC}") = "MrBootman", "MrBootman\MrBootman.csproj", "{74F91BCE-B0A9-4939-8E29-EB72D694597F}"
EndProject
Project("{6141683F-8A12-4E36-9623-2EB02B2C2303}") = "MrBootmanSetup", "MrBootmanSetup\MrBootmanSetup.isproj", "{DDA2A790-F7DD-44BB-A180-65638BD17E48}"
	ProjectSection(ProjectDependencies) = postProject
		{74F91BCE-B0A9-4939-8E29-EB72D694597F} = {74F91BCE-B0A9-4939-8E29-EB72D694597F}
	EndProjectSection
EndProject
Global
	GlobalSection(SolutionConfigurationPlatforms) = preSolution
		CD_ROM|Any CPU = CD_ROM|Any CPU
		Debug|Any CPU = Debug|Any CPU
		DVD-5|Any CPU = DVD-5|Any CPU
		Release|Any CPU = Release|Any CPU
		SingleImage|Any CPU = SingleImage|Any CPU
	EndGlobalSection
	GlobalSection(ProjectConfigurationPlatforms) = postSolution
		{74F91BCE-B0A9-4939-8E29-EB72D694597F}.CD_ROM|Any CPU.ActiveCfg = Release|Any CPU
		{74F91BCE-B0A9-4939-8E29-EB72D694597F}.CD_ROM|Any CPU.Build.0 = Release|Any CPU
		{74F91BCE-B0A9-4939-8E29-EB72D694597F}.Debug|Any CPU.ActiveCfg = Debug|Any CPU
		{74F91BCE-B0A9-4939-8E29-EB72D694597F}.Debug|Any CPU.Build.0 = Debug|Any CPU
		{74F91BCE-B0A9-4939-8E29-EB72D694597F}.DVD-5|Any CPU.ActiveCfg = Debug|Any CPU
		{74F91BCE-B0A9-4939-8E29-EB72D694597F}.DVD-5|Any CPU.Build.0 = Debug|Any CPU
		{74F91BCE-B0A9-4939-8E29-EB72D694597F}.Release|Any CPU.ActiveCfg = Release|Any CPU
		{74F91BCE-B0A9-4939-8E29-EB72D694597F}.Release|Any CPU.Build.0 = Release|Any CPU
		{74F91BCE-B0A9-4939-8E29-EB72D694597F}.SingleImage|Any CPU.ActiveCfg = Release|Any CPU
		{74F91BCE-B0A9-4939-8E29-EB72D694597F}.SingleImage|Any CPU.Build.0 = Release|Any CPU
		{DDA2A790-F7DD-44BB-A180-65638BD17E48}.CD_ROM|Any CPU.ActiveCfg = CD_ROM
		{DDA2A790-F7DD-44BB-A180-65638BD17E48}.CD_ROM|Any CPU.Build.0 = CD_ROM
		{DDA2A790-F7DD-44BB-A180-65638BD17E48}.Debug|Any CPU.ActiveCfg = SingleImage
		{DDA2A790-F7DD-44BB-A180-65638BD17E48}.Debug|Any CPU.Build.0 = SingleImage
		{DDA2A790-F7DD-44BB-A180-65638BD17E48}.DVD-5|Any CPU.ActiveCfg = DVD-5
		{DDA2A790-F7DD-44BB-A180-65638BD17E48}.DVD-5|Any CPU.Build.0 = DVD-5
		{DDA2A790-F7DD-44BB-A180-65638BD17E48}.Release|Any CPU.ActiveCfg = SingleImage
		{DDA2A790-F7DD-44BB-A180-65638BD17E48}.Release|Any CPU.Build.0 = SingleImage
		{DDA2A790-F7DD-44BB-A180-65638BD17E48}.SingleImage|Any CPU.ActiveCfg = SingleImage
		{DDA2A790-F7DD-44BB-A180-65638BD17E48}.SingleImage|Any CPU.Build.0 = SingleImage
	EndGlobalSection
	GlobalSection(SolutionProperties) = preSolution
		HideSolutionNode = FALSE
	EndGlobalSection
EndGlobal
